// !$*UTF8*$!
{
	archiveVersion = 1;
	classes = {
	};
	objectVersion = 56;
	objects = {

/* Begin PBXBuildFile section */
		041AAB3F70E3C15B799604C8 /* Pods_AI_VideoTests.framework in Frameworks */ = {isa = PBXBuildFile; fileRef = 464B9BBD8289B2A60E3E01B6 /* Pods_AI_VideoTests.framework */; };
		4E5A133E2AE22EE00D3C83A8 /* Pods_AI_Video.framework in Frameworks */ = {isa = PBXBuildFile; fileRef = 67B3B65F447790F3C1676AE8 /* Pods_AI_Video.framework */; };
		59A530422AD8F6310048A1CE /* AI_VideoApp.swift in Sources */ = {isa = PBXBuildFile; fileRef = 59A530412AD8F6310048A1CE /* AI_VideoApp.swift */; };
		59A530442AD8F6310048A1CE /* ContentView.swift in Sources */ = {isa = PBXBuildFile; fileRef = 59A530432AD8F6310048A1CE /* ContentView.swift */; };
		59A530462AD8F6320048A1CE /* Assets.xcassets in Resources */ = {isa = PBXBuildFile; fileRef = 59A530452AD8F6320048A1CE /* Assets.xcassets */; };
		59A530492AD8F6320048A1CE /* Preview Assets.xcassets in Resources */ = {isa = PBXBuildFile; fileRef = 59A530482AD8F6320048A1CE /* Preview Assets.xcassets */; };
		59A530532AD8F6320048A1CE /* AI_VideoTests.swift in Sources */ = {isa = PBXBuildFile; fileRef = 59A530522AD8F6320048A1CE /* AI_VideoTests.swift */; };
		59A5305D2AD8F6320048A1CE /* AI_VideoUITests.swift in Sources */ = {isa = PBXBuildFile; fileRef = 59A5305C2AD8F6320048A1CE /* AI_VideoUITests.swift */; };
		59A5305F2AD8F6320048A1CE /* AI_VideoUITestsLaunchTests.swift in Sources */ = {isa = PBXBuildFile; fileRef = 59A5305E2AD8F6320048A1CE /* AI_VideoUITestsLaunchTests.swift */; };
		59A5306E2AD8F9C50048A1CE /* HomeView.swift in Sources */ = {isa = PBXBuildFile; fileRef = 59A5306D2AD8F9C50048A1CE /* HomeView.swift */; };
		59A530712AD8F9E50048A1CE /* SettingView.swift in Sources */ = {isa = PBXBuildFile; fileRef = 59A530702AD8F9E50048A1CE /* SettingView.swift */; };
		E8EE17902CFFD7B361A65594 /* Pods_AI_Video_AI_VideoUITests.framework in Frameworks */ = {isa = PBXBuildFile; fileRef = 68E98EAFF17BF3AF4F301F67 /* Pods_AI_Video_AI_VideoUITests.framework */; };
/* End PBXBuildFile section */

/* Begin PBXContainerItemProxy section */
		59A5304F2AD8F6320048A1CE /* PBXContainerItemProxy */ = {
			isa = PBXContainerItemProxy;
			containerPortal = 59A530362AD8F6310048A1CE /* Project object */;
			proxyType = 1;
			remoteGlobalIDString = 59A5303D2AD8F6310048A1CE;
			remoteInfo = "AI-Video";
		};
		59A530592AD8F6320048A1CE /* PBXContainerItemProxy */ = {
			isa = PBXContainerItemProxy;
			containerPortal = 59A530362AD8F6310048A1CE /* Project object */;
			proxyType = 1;
			remoteGlobalIDString = 59A5303D2AD8F6310048A1CE;
			remoteInfo = "AI-Video";
		};
/* End PBXContainerItemProxy section */

/* Begin PBXFileReference section */
		464B9BBD8289B2A60E3E01B6 /* Pods_AI_VideoTests.framework */ = {isa = PBXFileReference; explicitFileType = wrapper.framework; includeInIndex = 0; path = Pods_AI_VideoTests.framework; sourceTree = BUILT_PRODUCTS_DIR; };
		59A5303E2AD8F6310048A1CE /* AI-Video.app */ = {isa = PBXFileReference; explicitFileType = wrapper.application; includeInIndex = 0; path = "AI-Video.app"; sourceTree = BUILT_PRODUCTS_DIR; };
		59A530412AD8F6310048A1CE /* AI_VideoApp.swift */ = {isa = PBXFileReference; lastKnownFileType = sourcecode.swift; path = AI_VideoApp.swift; sourceTree = "<group>"; };
		59A530432AD8F6310048A1CE /* ContentView.swift */ = {isa = PBXFileReference; lastKnownFileType = sourcecode.swift; path = ContentView.swift; sourceTree = "<group>"; };
		59A530452AD8F6320048A1CE /* Assets.xcassets */ = {isa = PBXFileReference; lastKnownFileType = folder.assetcatalog; path = Assets.xcassets; sourceTree = "<group>"; };
		59A530482AD8F6320048A1CE /* Preview Assets.xcassets */ = {isa = PBXFileReference; lastKnownFileType = folder.assetcatalog; path = "Preview Assets.xcassets"; sourceTree = "<group>"; };
		59A5304E2AD8F6320048A1CE /* AI-VideoTests.xctest */ = {isa = PBXFileReference; explicitFileType = wrapper.cfbundle; includeInIndex = 0; path = "AI-VideoTests.xctest"; sourceTree = BUILT_PRODUCTS_DIR; };
		59A530522AD8F6320048A1CE /* AI_VideoTests.swift */ = {isa = PBXFileReference; lastKnownFileType = sourcecode.swift; path = AI_VideoTests.swift; sourceTree = "<group>"; };
		59A530582AD8F6320048A1CE /* AI-VideoUITests.xctest */ = {isa = PBXFileReference; explicitFileType = wrapper.cfbundle; includeInIndex = 0; path = "AI-VideoUITests.xctest"; sourceTree = BUILT_PRODUCTS_DIR; };
		59A5305C2AD8F6320048A1CE /* AI_VideoUITests.swift */ = {isa = PBXFileReference; lastKnownFileType = sourcecode.swift; path = AI_VideoUITests.swift; sourceTree = "<group>"; };
		59A5305E2AD8F6320048A1CE /* AI_VideoUITestsLaunchTests.swift */ = {isa = PBXFileReference; lastKnownFileType = sourcecode.swift; path = AI_VideoUITestsLaunchTests.swift; sourceTree = "<group>"; };
		59A5306D2AD8F9C50048A1CE /* HomeView.swift */ = {isa = PBXFileReference; lastKnownFileType = sourcecode.swift; path = HomeView.swift; sourceTree = "<group>"; };
		59A530702AD8F9E50048A1CE /* SettingView.swift */ = {isa = PBXFileReference; lastKnownFileType = sourcecode.swift; path = SettingView.swift; sourceTree = "<group>"; };
		67B3B65F447790F3C1676AE8 /* Pods_AI_Video.framework */ = {isa = PBXFileReference; explicitFileType = wrapper.framework; includeInIndex = 0; path = Pods_AI_Video.framework; sourceTree = BUILT_PRODUCTS_DIR; };
		68E98EAFF17BF3AF4F301F67 /* Pods_AI_Video_AI_VideoUITests.framework */ = {isa = PBXFileReference; explicitFileType = wrapper.framework; includeInIndex = 0; path = Pods_AI_Video_AI_VideoUITests.framework; sourceTree = BUILT_PRODUCTS_DIR; };
		8D48934E348E3B5C8BD09EBD /* Pods-AI-VideoTests.debug.xcconfig */ = {isa = PBXFileReference; includeInIndex = 1; lastKnownFileType = text.xcconfig; name = "Pods-AI-VideoTests.debug.xcconfig"; path = "Target Support Files/Pods-AI-VideoTests/Pods-AI-VideoTests.debug.xcconfig"; sourceTree = "<group>"; };
		AAA46AFE4C883BAE15711BCD /* Pods-AI-Video.debug.xcconfig */ = {isa = PBXFileReference; includeInIndex = 1; lastKnownFileType = text.xcconfig; name = "Pods-AI-Video.debug.xcconfig"; path = "Target Support Files/Pods-AI-Video/Pods-AI-Video.debug.xcconfig"; sourceTree = "<group>"; };
		ACC50EB507B442AF0BACDF2A /* Pods-AI-Video-AI-VideoUITests.release.xcconfig */ = {isa = PBXFileReference; includeInIndex = 1; lastKnownFileType = text.xcconfig; name = "Pods-AI-Video-AI-VideoUITests.release.xcconfig"; path = "Target Support Files/Pods-AI-Video-AI-VideoUITests/Pods-AI-Video-AI-VideoUITests.release.xcconfig"; sourceTree = "<group>"; };
		C09C81B3D7E9B857C8C62DCF /* Pods-AI-Video.release.xcconfig */ = {isa = PBXFileReference; includeInIndex = 1; lastKnownFileType = text.xcconfig; name = "Pods-AI-Video.release.xcconfig"; path = "Target Support Files/Pods-AI-Video/Pods-AI-Video.release.xcconfig"; sourceTree = "<group>"; };
		C6E4612E0445F41C8E843140 /* Pods-AI-Video-AI-VideoUITests.debug.xcconfig */ = {isa = PBXFileReference; includeInIndex = 1; lastKnownFileType = text.xcconfig; name = "Pods-AI-Video-AI-VideoUITests.debug.xcconfig"; path = "Target Support Files/Pods-AI-Video-AI-VideoUITests/Pods-AI-Video-AI-VideoUITests.debug.xcconfig"; sourceTree = "<group>"; };
		F9D690A934D154D3ACB6E9BF /* Pods-AI-VideoTests.release.xcconfig */ = {isa = PBXFileReference; includeInIndex = 1; lastKnownFileType = text.xcconfig; name = "Pods-AI-VideoTests.release.xcconfig"; path = "Target Support Files/Pods-AI-VideoTests/Pods-AI-VideoTests.release.xcconfig"; sourceTree = "<group>"; };
/* End PBXFileReference section */

/* Begin PBXFrameworksBuildPhase section */
		59A5303B2AD8F6310048A1CE /* Frameworks */ = {
			isa = PBXFrameworksBuildPhase;
			buildActionMask = 2147483647;
			files = (
				4E5A133E2AE22EE00D3C83A8 /* Pods_AI_Video.framework in Frameworks */,
			);
			runOnlyForDeploymentPostprocessing = 0;
		};
		59A5304B2AD8F6320048A1CE /* Frameworks */ = {
			isa = PBXFrameworksBuildPhase;
			buildActionMask = 2147483647;
			files = (
				041AAB3F70E3C15B799604C8 /* Pods_AI_VideoTests.framework in Frameworks */,
			);
			runOnlyForDeploymentPostprocessing = 0;
		};
		59A530552AD8F6320048A1CE /* Frameworks */ = {
			isa = PBXFrameworksBuildPhase;
			buildActionMask = 2147483647;
			files = (
				E8EE17902CFFD7B361A65594 /* Pods_AI_Video_AI_VideoUITests.framework in Frameworks */,
			);
			runOnlyForDeploymentPostprocessing = 0;
		};
/* End PBXFrameworksBuildPhase section */

/* Begin PBXGroup section */
		59A530352AD8F6310048A1CE = {
			isa = PBXGroup;
			children = (
				59A530402AD8F6310048A1CE /* AI-Video */,
				59A530512AD8F6320048A1CE /* AI-VideoTests */,
				59A5305B2AD8F6320048A1CE /* AI-VideoUITests */,
				59A5303F2AD8F6310048A1CE /* Products */,
				80BCBFBF8CB79F0FF8BA1753 /* Pods */,
				A5F221AF64C6BBC41B7B373A /* Frameworks */,
			);
			sourceTree = "<group>";
		};
		59A5303F2AD8F6310048A1CE /* Products */ = {
			isa = PBXGroup;
			children = (
				59A5303E2AD8F6310048A1CE /* AI-Video.app */,
				59A5304E2AD8F6320048A1CE /* AI-VideoTests.xctest */,
				59A530582AD8F6320048A1CE /* AI-VideoUITests.xctest */,
			);
			name = Products;
			sourceTree = "<group>";
		};
		59A530402AD8F6310048A1CE /* AI-Video */ = {
			isa = PBXGroup;
			children = (
				59A5306B2AD8F9B20048A1CE /* Module */,
				59A530412AD8F6310048A1CE /* AI_VideoApp.swift */,
				59A530452AD8F6320048A1CE /* Assets.xcassets */,
				59A530472AD8F6320048A1CE /* Preview Content */,
			);
			path = "AI-Video";
			sourceTree = "<group>";
		};
		59A530472AD8F6320048A1CE /* Preview Content */ = {
			isa = PBXGroup;
			children = (
				59A530482AD8F6320048A1CE /* Preview Assets.xcassets */,
			);
			path = "Preview Content";
			sourceTree = "<group>";
		};
		59A530512AD8F6320048A1CE /* AI-VideoTests */ = {
			isa = PBXGroup;
			children = (
				59A530522AD8F6320048A1CE /* AI_VideoTests.swift */,
			);
			path = "AI-VideoTests";
			sourceTree = "<group>";
		};
		59A5305B2AD8F6320048A1CE /* AI-VideoUITests */ = {
			isa = PBXGroup;
			children = (
				59A5305C2AD8F6320048A1CE /* AI_VideoUITests.swift */,
				59A5305E2AD8F6320048A1CE /* AI_VideoUITestsLaunchTests.swift */,
			);
			path = "AI-VideoUITests";
			sourceTree = "<group>";
		};
		59A5306B2AD8F9B20048A1CE /* Module */ = {
			isa = PBXGroup;
			children = (
				59A530742AD901D30048A1CE /* Image */,
				59A530732AD901CD0048A1CE /* Video */,
				59A530722AD8F9EC0048A1CE /* Tabbar */,
				59A5306F2AD8F9DC0048A1CE /* Setting */,
				59A5306C2AD8F9B80048A1CE /* Home */,
			);
			path = Module;
			sourceTree = "<group>";
		};
		59A5306C2AD8F9B80048A1CE /* Home */ = {
			isa = PBXGroup;
			children = (
				59A5306D2AD8F9C50048A1CE /* HomeView.swift */,
			);
			path = Home;
			sourceTree = "<group>";
		};
		59A5306F2AD8F9DC0048A1CE /* Setting */ = {
			isa = PBXGroup;
			children = (
				59A530702AD8F9E50048A1CE /* SettingView.swift */,
			);
			path = Setting;
			sourceTree = "<group>";
		};
		59A530722AD8F9EC0048A1CE /* Tabbar */ = {
			isa = PBXGroup;
			children = (
				59A530432AD8F6310048A1CE /* ContentView.swift */,
			);
			path = Tabbar;
			sourceTree = "<group>";
		};
		59A530732AD901CD0048A1CE /* Video */ = {
			isa = PBXGroup;
			children = (
			);
			path = Video;
			sourceTree = "<group>";
		};
		59A530742AD901D30048A1CE /* Image */ = {
			isa = PBXGroup;
			children = (
			);
			path = Image;
			sourceTree = "<group>";
		};
		80BCBFBF8CB79F0FF8BA1753 /* Pods */ = {
			isa = PBXGroup;
			children = (
				AAA46AFE4C883BAE15711BCD /* Pods-AI-Video.debug.xcconfig */,
				C09C81B3D7E9B857C8C62DCF /* Pods-AI-Video.release.xcconfig */,
				C6E4612E0445F41C8E843140 /* Pods-AI-Video-AI-VideoUITests.debug.xcconfig */,
				ACC50EB507B442AF0BACDF2A /* Pods-AI-Video-AI-VideoUITests.release.xcconfig */,
				8D48934E348E3B5C8BD09EBD /* Pods-AI-VideoTests.debug.xcconfig */,
				F9D690A934D154D3ACB6E9BF /* Pods-AI-VideoTests.release.xcconfig */,
			);
			name = Pods;
			path = Pods;
			sourceTree = "<group>";
		};
		A5F221AF64C6BBC41B7B373A /* Frameworks */ = {
			isa = PBXGroup;
			children = (
				67B3B65F447790F3C1676AE8 /* Pods_AI_Video.framework */,
				68E98EAFF17BF3AF4F301F67 /* Pods_AI_Video_AI_VideoUITests.framework */,
				464B9BBD8289B2A60E3E01B6 /* Pods_AI_VideoTests.framework */,
			);
			name = Frameworks;
			sourceTree = "<group>";
		};
/* End PBXGroup section */

/* Begin PBXNativeTarget section */
		59A5303D2AD8F6310048A1CE /* AI-Video */ = {
			isa = PBXNativeTarget;
			buildConfigurationList = 59A530622AD8F6320048A1CE /* Build configuration list for PBXNativeTarget "AI-Video" */;
			buildPhases = (
				64A296F26D31BEB616CFA401 /* [CP] Check Pods Manifest.lock */,
				59A5303A2AD8F6310048A1CE /* Sources */,
				59A5303B2AD8F6310048A1CE /* Frameworks */,
				59A5303C2AD8F6310048A1CE /* Resources */,
			);
			buildRules = (
			);
			dependencies = (
			);
			name = "AI-Video";
			productName = "AI-Video";
			productReference = 59A5303E2AD8F6310048A1CE /* AI-Video.app */;
			productType = "com.apple.product-type.application";
		};
		59A5304D2AD8F6320048A1CE /* AI-VideoTests */ = {
			isa = PBXNativeTarget;
			buildConfigurationList = 59A530652AD8F6320048A1CE /* Build configuration list for PBXNativeTarget "AI-VideoTests" */;
			buildPhases = (
				585BCB2177B2D08542FC215E /* [CP] Check Pods Manifest.lock */,
				59A5304A2AD8F6320048A1CE /* Sources */,
				59A5304B2AD8F6320048A1CE /* Frameworks */,
				59A5304C2AD8F6320048A1CE /* Resources */,
			);
			buildRules = (
			);
			dependencies = (
				59A530502AD8F6320048A1CE /* PBXTargetDependency */,
			);
			name = "AI-VideoTests";
			productName = "AI-VideoTests";
			productReference = 59A5304E2AD8F6320048A1CE /* AI-VideoTests.xctest */;
			productType = "com.apple.product-type.bundle.unit-test";
		};
		59A530572AD8F6320048A1CE /* AI-VideoUITests */ = {
			isa = PBXNativeTarget;
			buildConfigurationList = 59A530682AD8F6320048A1CE /* Build configuration list for PBXNativeTarget "AI-VideoUITests" */;
			buildPhases = (
				B567D32CDB6FB82E2911298F /* [CP] Check Pods Manifest.lock */,
				59A530542AD8F6320048A1CE /* Sources */,
				59A530552AD8F6320048A1CE /* Frameworks */,
				59A530562AD8F6320048A1CE /* Resources */,
			);
			buildRules = (
			);
			dependencies = (
				59A5305A2AD8F6320048A1CE /* PBXTargetDependency */,
			);
			name = "AI-VideoUITests";
			productName = "AI-VideoUITests";
			productReference = 59A530582AD8F6320048A1CE /* AI-VideoUITests.xctest */;
			productType = "com.apple.product-type.bundle.ui-testing";
		};
/* End PBXNativeTarget section */

/* Begin PBXProject section */
		59A530362AD8F6310048A1CE /* Project object */ = {
			isa = PBXProject;
			attributes = {
				BuildIndependentTargetsInParallel = 1;
				LastSwiftUpdateCheck = 1420;
				LastUpgradeCheck = 1420;
				TargetAttributes = {
					59A5303D2AD8F6310048A1CE = {
						CreatedOnToolsVersion = 14.2;
					};
					59A5304D2AD8F6320048A1CE = {
						CreatedOnToolsVersion = 14.2;
						TestTargetID = 59A5303D2AD8F6310048A1CE;
					};
					59A530572AD8F6320048A1CE = {
						CreatedOnToolsVersion = 14.2;
						TestTargetID = 59A5303D2AD8F6310048A1CE;
					};
				};
			};
			buildConfigurationList = 59A530392AD8F6310048A1CE /* Build configuration list for PBXProject "AI-Video" */;
			compatibilityVersion = "Xcode 14.0";
			developmentRegion = en;
			hasScannedForEncodings = 0;
			knownRegions = (
				en,
				Base,
			);
			mainGroup = 59A530352AD8F6310048A1CE;
			productRefGroup = 59A5303F2AD8F6310048A1CE /* Products */;
			projectDirPath = "";
			projectRoot = "";
			targets = (
				59A5303D2AD8F6310048A1CE /* AI-Video */,
				59A5304D2AD8F6320048A1CE /* AI-VideoTests */,
				59A530572AD8F6320048A1CE /* AI-VideoUITests */,
			);
		};
/* End PBXProject section */

/* Begin PBXResourcesBuildPhase section */
		59A5303C2AD8F6310048A1CE /* Resources */ = {
			isa = PBXResourcesBuildPhase;
			buildActionMask = 2147483647;
			files = (
				59A530492AD8F6320048A1CE /* Preview Assets.xcassets in Resources */,
				59A530462AD8F6320048A1CE /* Assets.xcassets in Resources */,
			);
			runOnlyForDeploymentPostprocessing = 0;
		};
		59A5304C2AD8F6320048A1CE /* Resources */ = {
			isa = PBXResourcesBuildPhase;
			buildActionMask = 2147483647;
			files = (
			);
			runOnlyForDeploymentPostprocessing = 0;
		};
		59A530562AD8F6320048A1CE /* Resources */ = {
			isa = PBXResourcesBuildPhase;
			buildActionMask = 2147483647;
			files = (
			);
			runOnlyForDeploymentPostprocessing = 0;
		};
/* End PBXResourcesBuildPhase section */

/* Begin PBXShellScriptBuildPhase section */
		585BCB2177B2D08542FC215E /* [CP] Check Pods Manifest.lock */ = {
			isa = PBXShellScriptBuildPhase;
			buildActionMask = 2147483647;
			files = (
			);
			inputFileListPaths = (
			);
			inputPaths = (
				"${PODS_PODFILE_DIR_PATH}/Podfile.lock",
				"${PODS_ROOT}/Manifest.lock",
			);
			name = "[CP] Check Pods Manifest.lock";
			outputFileListPaths = (
			);
			outputPaths = (
				"$(DERIVED_FILE_DIR)/Pods-AI-VideoTests-checkManifestLockResult.txt",
			);
			runOnlyForDeploymentPostprocessing = 0;
			shellPath = /bin/sh;
			shellScript = "diff \"${PODS_PODFILE_DIR_PATH}/Podfile.lock\" \"${PODS_ROOT}/Manifest.lock\" > /dev/null\nif [ $? != 0 ] ; then\n    # print error to STDERR\n    echo \"error: The sandbox is not in sync with the Podfile.lock. Run 'pod install' or update your CocoaPods installation.\" >&2\n    exit 1\nfi\n# This output is used by Xcode 'outputs' to avoid re-running this script phase.\necho \"SUCCESS\" > \"${SCRIPT_OUTPUT_FILE_0}\"\n";
			showEnvVarsInLog = 0;
		};
		64A296F26D31BEB616CFA401 /* [CP] Check Pods Manifest.lock */ = {
			isa = PBXShellScriptBuildPhase;
			buildActionMask = 2147483647;
			files = (
			);
			inputFileListPaths = (
			);
			inputPaths = (
				"${PODS_PODFILE_DIR_PATH}/Podfile.lock",
				"${PODS_ROOT}/Manifest.lock",
			);
			name = "[CP] Check Pods Manifest.lock";
			outputFileListPaths = (
			);
			outputPaths = (
				"$(DERIVED_FILE_DIR)/Pods-AI-Video-checkManifestLockResult.txt",
			);
			runOnlyForDeploymentPostprocessing = 0;
			shellPath = /bin/sh;
			shellScript = "diff \"${PODS_PODFILE_DIR_PATH}/Podfile.lock\" \"${PODS_ROOT}/Manifest.lock\" > /dev/null\nif [ $? != 0 ] ; then\n    # print error to STDERR\n    echo \"error: The sandbox is not in sync with the Podfile.lock. Run 'pod install' or update your CocoaPods installation.\" >&2\n    exit 1\nfi\n# This output is used by Xcode 'outputs' to avoid re-running this script phase.\necho \"SUCCESS\" > \"${SCRIPT_OUTPUT_FILE_0}\"\n";
			showEnvVarsInLog = 0;
		};
		B567D32CDB6FB82E2911298F /* [CP] Check Pods Manifest.lock */ = {
			isa = PBXShellScriptBuildPhase;
			buildActionMask = 2147483647;
			files = (
			);
			inputFileListPaths = (
			);
			inputPaths = (
				"${PODS_PODFILE_DIR_PATH}/Podfile.lock",
				"${PODS_ROOT}/Manifest.lock",
			);
			name = "[CP] Check Pods Manifest.lock";
			outputFileListPaths = (
			);
			outputPaths = (
				"$(DERIVED_FILE_DIR)/Pods-AI-Video-AI-VideoUITests-checkManifestLockResult.txt",
			);
			runOnlyForDeploymentPostprocessing = 0;
			shellPath = /bin/sh;
			shellScript = "diff \"${PODS_PODFILE_DIR_PATH}/Podfile.lock\" \"${PODS_ROOT}/Manifest.lock\" > /dev/null\nif [ $? != 0 ] ; then\n    # print error to STDERR\n    echo \"error: The sandbox is not in sync with the Podfile.lock. Run 'pod install' or update your CocoaPods installation.\" >&2\n    exit 1\nfi\n# This output is used by Xcode 'outputs' to avoid re-running this script phase.\necho \"SUCCESS\" > \"${SCRIPT_OUTPUT_FILE_0}\"\n";
			showEnvVarsInLog = 0;
		};
/* End PBXShellScriptBuildPhase section */

/* Begin PBXSourcesBuildPhase section */
		59A5303A2AD8F6310048A1CE /* Sources */ = {
			isa = PBXSourcesBuildPhase;
			buildActionMask = 2147483647;
			files = (
				59A5306E2AD8F9C50048A1CE /* HomeView.swift in Sources */,
				59A530712AD8F9E50048A1CE /* SettingView.swift in Sources */,
				59A530442AD8F6310048A1CE /* ContentView.swift in Sources */,
				59A530422AD8F6310048A1CE /* AI_VideoApp.swift in Sources */,
			);
			runOnlyForDeploymentPostprocessing = 0;
		};
		59A5304A2AD8F6320048A1CE /* Sources */ = {
			isa = PBXSourcesBuildPhase;
			buildActionMask = 2147483647;
			files = (
				59A530532AD8F6320048A1CE /* AI_VideoTests.swift in Sources */,
			);
			runOnlyForDeploymentPostprocessing = 0;
		};
		59A530542AD8F6320048A1CE /* Sources */ = {
			isa = PBXSourcesBuildPhase;
			buildActionMask = 2147483647;
			files = (
				59A5305F2AD8F6320048A1CE /* AI_VideoUITestsLaunchTests.swift in Sources */,
				59A5305D2AD8F6320048A1CE /* AI_VideoUITests.swift in Sources */,
			);
			runOnlyForDeploymentPostprocessing = 0;
		};
/* End PBXSourcesBuildPhase section */

/* Begin PBXTargetDependency section */
		59A530502AD8F6320048A1CE /* PBXTargetDependency */ = {
			isa = PBXTargetDependency;
			target = 59A5303D2AD8F6310048A1CE /* AI-Video */;
			targetProxy = 59A5304F2AD8F6320048A1CE /* PBXContainerItemProxy */;
		};
		59A5305A2AD8F6320048A1CE /* PBXTargetDependency */ = {
			isa = PBXTargetDependency;
			target = 59A5303D2AD8F6310048A1CE /* AI-Video */;
			targetProxy = 59A530592AD8F6320048A1CE /* PBXContainerItemProxy */;
		};
/* End PBXTargetDependency section */

/* Begin XCBuildConfiguration section */
		59A530602AD8F6320048A1CE /* Debug */ = {
			isa = XCBuildConfiguration;
			buildSettings = {
				ALWAYS_SEARCH_USER_PATHS = NO;
				CLANG_ANALYZER_NONNULL = YES;
				CLANG_ANALYZER_NUMBER_OBJECT_CONVERSION = YES_AGGRESSIVE;
				CLANG_CXX_LANGUAGE_STANDARD = "gnu++20";
				CLANG_ENABLE_MODULES = YES;
				CLANG_ENABLE_OBJC_ARC = YES;
				CLANG_ENABLE_OBJC_WEAK = YES;
				CLANG_WARN_BLOCK_CAPTURE_AUTORELEASING = YES;
				CLANG_WARN_BOOL_CONVERSION = YES;
				CLANG_WARN_COMMA = YES;
				CLANG_WARN_CONSTANT_CONVERSION = YES;
				CLANG_WARN_DEPRECATED_OBJC_IMPLEMENTATIONS = YES;
				CLANG_WARN_DIRECT_OBJC_ISA_USAGE = YES_ERROR;
				CLANG_WARN_DOCUMENTATION_COMMENTS = YES;
				CLANG_WARN_EMPTY_BODY = YES;
				CLANG_WARN_ENUM_CONVERSION = YES;
				CLANG_WARN_INFINITE_RECURSION = YES;
				CLANG_WARN_INT_CONVERSION = YES;
				CLANG_WARN_NON_LITERAL_NULL_CONVERSION = YES;
				CLANG_WARN_OBJC_IMPLICIT_RETAIN_SELF = YES;
				CLANG_WARN_OBJC_LITERAL_CONVERSION = YES;
				CLANG_WARN_OBJC_ROOT_CLASS = YES_ERROR;
				CLANG_WARN_QUOTED_INCLUDE_IN_FRAMEWORK_HEADER = YES;
				CLANG_WARN_RANGE_LOOP_ANALYSIS = YES;
				CLANG_WARN_STRICT_PROTOTYPES = YES;
				CLANG_WARN_SUSPICIOUS_MOVE = YES;
				CLANG_WARN_UNGUARDED_AVAILABILITY = YES_AGGRESSIVE;
				CLANG_WARN_UNREACHABLE_CODE = YES;
				CLANG_WARN__DUPLICATE_METHOD_MATCH = YES;
				COPY_PHASE_STRIP = NO;
				DEBUG_INFORMATION_FORMAT = dwarf;
				ENABLE_STRICT_OBJC_MSGSEND = YES;
				ENABLE_TESTABILITY = YES;
				GCC_C_LANGUAGE_STANDARD = gnu11;
				GCC_DYNAMIC_NO_PIC = NO;
				GCC_NO_COMMON_BLOCKS = YES;
				GCC_OPTIMIZATION_LEVEL = 0;
				GCC_PREPROCESSOR_DEFINITIONS = (
					"DEBUG=1",
					"$(inherited)",
				);
				GCC_WARN_64_TO_32_BIT_CONVERSION = YES;
				GCC_WARN_ABOUT_RETURN_TYPE = YES_ERROR;
				GCC_WARN_UNDECLARED_SELECTOR = YES;
				GCC_WARN_UNINITIALIZED_AUTOS = YES_AGGRESSIVE;
				GCC_WARN_UNUSED_FUNCTION = YES;
				GCC_WARN_UNUSED_VARIABLE = YES;
				IPHONEOS_DEPLOYMENT_TARGET = 16.2;
				MTL_ENABLE_DEBUG_INFO = INCLUDE_SOURCE;
				MTL_FAST_MATH = YES;
				ONLY_ACTIVE_ARCH = YES;
				SDKROOT = iphoneos;
				SWIFT_ACTIVE_COMPILATION_CONDITIONS = DEBUG;
				SWIFT_OPTIMIZATION_LEVEL = "-Onone";
			};
			name = Debug;
		};
		59A530612AD8F6320048A1CE /* Release */ = {
			isa = XCBuildConfiguration;
			buildSettings = {
				ALWAYS_SEARCH_USER_PATHS = NO;
				CLANG_ANALYZER_NONNULL = YES;
				CLANG_ANALYZER_NUMBER_OBJECT_CONVERSION = YES_AGGRESSIVE;
				CLANG_CXX_LANGUAGE_STANDARD = "gnu++20";
				CLANG_ENABLE_MODULES = YES;
				CLANG_ENABLE_OBJC_ARC = YES;
				CLANG_ENABLE_OBJC_WEAK = YES;
				CLANG_WARN_BLOCK_CAPTURE_AUTORELEASING = YES;
				CLANG_WARN_BOOL_CONVERSION = YES;
				CLANG_WARN_COMMA = YES;
				CLANG_WARN_CONSTANT_CONVERSION = YES;
				CLANG_WARN_DEPRECATED_OBJC_IMPLEMENTATIONS = YES;
				CLANG_WARN_DIRECT_OBJC_ISA_USAGE = YES_ERROR;
				CLANG_WARN_DOCUMENTATION_COMMENTS = YES;
				CLANG_WARN_EMPTY_BODY = YES;
				CLANG_WARN_ENUM_CONVERSION = YES;
				CLANG_WARN_INFINITE_RECURSION = YES;
				CLANG_WARN_INT_CONVERSION = YES;
				CLANG_WARN_NON_LITERAL_NULL_CONVERSION = YES;
				CLANG_WARN_OBJC_IMPLICIT_RETAIN_SELF = YES;
				CLANG_WARN_OBJC_LITERAL_CONVERSION = YES;
				CLANG_WARN_OBJC_ROOT_CLASS = YES_ERROR;
				CLANG_WARN_QUOTED_INCLUDE_IN_FRAMEWORK_HEADER = YES;
				CLANG_WARN_RANGE_LOOP_ANALYSIS = YES;
				CLANG_WARN_STRICT_PROTOTYPES = YES;
				CLANG_WARN_SUSPICIOUS_MOVE = YES;
				CLANG_WARN_UNGUARDED_AVAILABILITY = YES_AGGRESSIVE;
				CLANG_WARN_UNREACHABLE_CODE = YES;
				CLANG_WARN__DUPLICATE_METHOD_MATCH = YES;
				COPY_PHASE_STRIP = NO;
				DEBUG_INFORMATION_FORMAT = "dwarf-with-dsym";
				ENABLE_NS_ASSERTIONS = NO;
				ENABLE_STRICT_OBJC_MSGSEND = YES;
				GCC_C_LANGUAGE_STANDARD = gnu11;
				GCC_NO_COMMON_BLOCKS = YES;
				GCC_WARN_64_TO_32_BIT_CONVERSION = YES;
				GCC_WARN_ABOUT_RETURN_TYPE = YES_ERROR;
				GCC_WARN_UNDECLARED_SELECTOR = YES;
				GCC_WARN_UNINITIALIZED_AUTOS = YES_AGGRESSIVE;
				GCC_WARN_UNUSED_FUNCTION = YES;
				GCC_WARN_UNUSED_VARIABLE = YES;
				IPHONEOS_DEPLOYMENT_TARGET = 16.2;
				MTL_ENABLE_DEBUG_INFO = NO;
				MTL_FAST_MATH = YES;
				SDKROOT = iphoneos;
				SWIFT_COMPILATION_MODE = wholemodule;
				SWIFT_OPTIMIZATION_LEVEL = "-O";
				VALIDATE_PRODUCT = YES;
			};
			name = Release;
		};
		59A530632AD8F6320048A1CE /* Debug */ = {
			isa = XCBuildConfiguration;
			baseConfigurationReference = AAA46AFE4C883BAE15711BCD /* Pods-AI-Video.debug.xcconfig */;
			buildSettings = {
				ASSETCATALOG_COMPILER_APPICON_NAME = AppIcon;
				ASSETCATALOG_COMPILER_GLOBAL_ACCENT_COLOR_NAME = AccentColor;
				CODE_SIGN_STYLE = Automatic;
				CURRENT_PROJECT_VERSION = 1;
				DEVELOPMENT_ASSET_PATHS = "\"AI-Video/Preview Content\"";
				DEVELOPMENT_TEAM = 63ZK7FQ2ND;
				ENABLE_PREVIEWS = YES;
				GENERATE_INFOPLIST_FILE = YES;
				INFOPLIST_KEY_UIApplicationSceneManifest_Generation = YES;
				INFOPLIST_KEY_UIApplicationSupportsIndirectInputEvents = YES;
				INFOPLIST_KEY_UILaunchScreen_Generation = YES;
				INFOPLIST_KEY_UISupportedInterfaceOrientations_iPad = "UIInterfaceOrientationPortrait UIInterfaceOrientationPortraitUpsideDown UIInterfaceOrientationLandscapeLeft UIInterfaceOrientationLandscapeRight";
				INFOPLIST_KEY_UISupportedInterfaceOrientations_iPhone = "UIInterfaceOrientationPortrait UIInterfaceOrientationLandscapeLeft UIInterfaceOrientationLandscapeRight";
				IPHONEOS_DEPLOYMENT_TARGET = 16.0;
				LD_RUNPATH_SEARCH_PATHS = (
					"$(inherited)",
					"@executable_path/Frameworks",
				);
				MARKETING_VERSION = 1.0;
				PRODUCT_BUNDLE_IDENTIFIER = "com.khactaobk.videoedit.AI-Video";
				PRODUCT_NAME = "$(TARGET_NAME)";
				SWIFT_EMIT_LOC_STRINGS = YES;
				SWIFT_VERSION = 5.0;
				TARGETED_DEVICE_FAMILY = "1,2";
			};
			name = Debug;
		};
		59A530642AD8F6320048A1CE /* Release */ = {
			isa = XCBuildConfiguration;
			baseConfigurationReference = C09C81B3D7E9B857C8C62DCF /* Pods-AI-Video.release.xcconfig */;
			buildSettings = {
				ASSETCATALOG_COMPILER_APPICON_NAME = AppIcon;
				ASSETCATALOG_COMPILER_GLOBAL_ACCENT_COLOR_NAME = AccentColor;
				CODE_SIGN_STYLE = Automatic;
				CURRENT_PROJECT_VERSION = 1;
				DEVELOPMENT_ASSET_PATHS = "\"AI-Video/Preview Content\"";
				DEVELOPMENT_TEAM = 63ZK7FQ2ND;
				ENABLE_PREVIEWS = YES;
				GENERATE_INFOPLIST_FILE = YES;
				INFOPLIST_KEY_UIApplicationSceneManifest_Generation = YES;
				INFOPLIST_KEY_UIApplicationSupportsIndirectInputEvents = YES;
				INFOPLIST_KEY_UILaunchScreen_Generation = YES;
				INFOPLIST_KEY_UISupportedInterfaceOrientations_iPad = "UIInterfaceOrientationPortrait UIInterfaceOrientationPortraitUpsideDown UIInterfaceOrientationLandscapeLeft UIInterfaceOrientationLandscapeRight";
				INFOPLIST_KEY_UISupportedInterfaceOrientations_iPhone = "UIInterfaceOrientationPortrait UIInterfaceOrientationLandscapeLeft UIInterfaceOrientationLandscapeRight";
				IPHONEOS_DEPLOYMENT_TARGET = 16.0;
				LD_RUNPATH_SEARCH_PATHS = (
					"$(inherited)",
					"@executable_path/Frameworks",
				);
				MARKETING_VERSION = 1.0;
				PRODUCT_BUNDLE_IDENTIFIER = "com.khactaobk.videoedit.AI-Video";
				PRODUCT_NAME = "$(TARGET_NAME)";
				SWIFT_EMIT_LOC_STRINGS = YES;
				SWIFT_VERSION = 5.0;
				TARGETED_DEVICE_FAMILY = "1,2";
			};
			name = Release;
		};
		59A530662AD8F6320048A1CE /* Debug */ = {
			isa = XCBuildConfiguration;
			baseConfigurationReference = 8D48934E348E3B5C8BD09EBD /* Pods-AI-VideoTests.debug.xcconfig */;
			buildSettings = {
				ALWAYS_EMBED_SWIFT_STANDARD_LIBRARIES = YES;
				BUNDLE_LOADER = "$(TEST_HOST)";
				CODE_SIGN_STYLE = Automatic;
				CURRENT_PROJECT_VERSION = 1;
				DEVELOPMENT_TEAM = 63ZK7FQ2ND;
				GENERATE_INFOPLIST_FILE = YES;
				IPHONEOS_DEPLOYMENT_TARGET = 16.2;
				MARKETING_VERSION = 1.0;
				PRODUCT_BUNDLE_IDENTIFIER = "com.khactaobk.videoedit.AI-VideoTests";
				PRODUCT_NAME = "$(TARGET_NAME)";
				SWIFT_EMIT_LOC_STRINGS = NO;
				SWIFT_VERSION = 5.0;
				TARGETED_DEVICE_FAMILY = "1,2";
				TEST_HOST = "$(BUILT_PRODUCTS_DIR)/AI-Video.app/$(BUNDLE_EXECUTABLE_FOLDER_PATH)/AI-Video";
			};
			name = Debug;
		};
		59A530672AD8F6320048A1CE /* Release */ = {
			isa = XCBuildConfiguration;
			baseConfigurationReference = F9D690A934D154D3ACB6E9BF /* Pods-AI-VideoTests.release.xcconfig */;
			buildSettings = {
				ALWAYS_EMBED_SWIFT_STANDARD_LIBRARIES = YES;
				BUNDLE_LOADER = "$(TEST_HOST)";
				CODE_SIGN_STYLE = Automatic;
				CURRENT_PROJECT_VERSION = 1;
				DEVELOPMENT_TEAM = 63ZK7FQ2ND;
				GENERATE_INFOPLIST_FILE = YES;
				IPHONEOS_DEPLOYMENT_TARGET = 16.2;
				MARKETING_VERSION = 1.0;
				PRODUCT_BUNDLE_IDENTIFIER = "com.khactaobk.videoedit.AI-VideoTests";
				PRODUCT_NAME = "$(TARGET_NAME)";
				SWIFT_EMIT_LOC_STRINGS = NO;
				SWIFT_VERSION = 5.0;
				TARGETED_DEVICE_FAMILY = "1,2";
				TEST_HOST = "$(BUILT_PRODUCTS_DIR)/AI-Video.app/$(BUNDLE_EXECUTABLE_FOLDER_PATH)/AI-Video";
			};
			name = Release;
		};
		59A530692AD8F6320048A1CE /* Debug */ = {
			isa = XCBuildConfiguration;
			baseConfigurationReference = C6E4612E0445F41C8E843140 /* Pods-AI-Video-AI-VideoUITests.debug.xcconfig */;
			buildSettings = {
				ALWAYS_EMBED_SWIFT_STANDARD_LIBRARIES = YES;
				CODE_SIGN_STYLE = Automatic;
				CURRENT_PROJECT_VERSION = 1;
				DEVELOPMENT_TEAM = 63ZK7FQ2ND;
				GENERATE_INFOPLIST_FILE = YES;
				MARKETING_VERSION = 1.0;
				PRODUCT_BUNDLE_IDENTIFIER = "com.khactaobk.videoedit.AI-VideoUITests";
				PRODUCT_NAME = "$(TARGET_NAME)";
				SWIFT_EMIT_LOC_STRINGS = NO;
				SWIFT_VERSION = 5.0;
				TARGETED_DEVICE_FAMILY = "1,2";
				TEST_TARGET_NAME = "AI-Video";
			};
			name = Debug;
		};
		59A5306A2AD8F6320048A1CE /* Release */ = {
			isa = XCBuildConfiguration;
			baseConfigurationReference = ACC50EB507B442AF0BACDF2A /* Pods-AI-Video-AI-VideoUITests.release.xcconfig */;
			buildSettings = {
				ALWAYS_EMBED_SWIFT_STANDARD_LIBRARIES = YES;
				CODE_SIGN_STYLE = Automatic;
				CURRENT_PROJECT_VERSION = 1;
				DEVELOPMENT_TEAM = 63ZK7FQ2ND;
				GENERATE_INFOPLIST_FILE = YES;
				MARKETING_VERSION = 1.0;
				PRODUCT_BUNDLE_IDENTIFIER = "com.khactaobk.videoedit.AI-VideoUITests";
				PRODUCT_NAME = "$(TARGET_NAME)";
				SWIFT_EMIT_LOC_STRINGS = NO;
				SWIFT_VERSION = 5.0;
				TARGETED_DEVICE_FAMILY = "1,2";
				TEST_TARGET_NAME = "AI-Video";
			};
			name = Release;
		};
/* End XCBuildConfiguration section */

/* Begin XCConfigurationList section */
		59A530392AD8F6310048A1CE /* Build configuration list for PBXProject "AI-Video" */ = {
			isa = XCConfigurationList;
			buildConfigurations = (
				59A530602AD8F6320048A1CE /* Debug */,
				59A530612AD8F6320048A1CE /* Release */,
			);
			defaultConfigurationIsVisible = 0;
			defaultConfigurationName = Release;
		};
		59A530622AD8F6320048A1CE /* Build configuration list for PBXNativeTarget "AI-Video" */ = {
			isa = XCConfigurationList;
			buildConfigurations = (
				59A530632AD8F6320048A1CE /* Debug */,
				59A530642AD8F6320048A1CE /* Release */,
			);
			defaultConfigurationIsVisible = 0;
			defaultConfigurationName = Release;
		};
		59A530652AD8F6320048A1CE /* Build configuration list for PBXNativeTarget "AI-VideoTests" */ = {
			isa = XCConfigurationList;
			buildConfigurations = (
				59A530662AD8F6320048A1CE /* Debug */,
				59A530672AD8F6320048A1CE /* Release */,
			);
			defaultConfigurationIsVisible = 0;
			defaultConfigurationName = Release;
		};
		59A530682AD8F6320048A1CE /* Build configuration list for PBXNativeTarget "AI-VideoUITests" */ = {
			isa = XCConfigurationList;
			buildConfigurations = (
				59A530692AD8F6320048A1CE /* Debug */,
				59A5306A2AD8F6320048A1CE /* Release */,
			);
			defaultConfigurationIsVisible = 0;
			defaultConfigurationName = Release;
		};
/* End XCConfigurationList section */
	};
	rootObject = 59A530362AD8F6310048A1CE /* Project object */;
}
